
Microsoft Visual Studio Solution File, Format Version 12.00
# Visual Studio 2013
VisualStudioVersion = 12.0.31101.0
MinimumVisualStudioVersion = 10.0.40219.1
Project("{FAE04EC0-301F-11D3-BF4B-00C04F79EFBC}") = "Week24-Views", "Week24-Views\Week24-Views.csproj", "{0C2B349E-7E79-41B1-A9EF-DE2200CD0532}"
EndProject
Project("{FAE04EC0-301F-11D3-BF4B-00C04F79EFBC}") = "Week24-Views.Tests", "Week24-Views.Tests\Week24-Views.Tests.csproj", "{1EB1C9F3-5580-4691-A784-A5ADCA2FC864}"
EndProject
Global
	GlobalSection(SolutionConfigurationPlatforms) = preSolution
		Debug|Any CPU = Debug|Any CPU
		Release|Any CPU = Release|Any CPU
	EndGlobalSection
	GlobalSection(ProjectConfigurationPlatforms) = postSolution
		{0C2B349E-7E79-41B1-A9EF-DE2200CD0532}.Debug|Any CPU.ActiveCfg = Debug|Any CPU
		{0C2B349E-7E79-41B1-A9EF-DE2200CD0532}.Debug|Any CPU.Build.0 = Debug|Any CPU
		{0C2B349E-7E79-41B1-A9EF-DE2200CD0532}.Release|Any CPU.ActiveCfg = Release|Any CPU
		{0C2B349E-7E79-41B1-A9EF-DE2200CD0532}.Release|Any CPU.Build.0 = Release|Any CPU
		{1EB1C9F3-5580-4691-A784-A5ADCA2FC864}.Debug|Any CPU.ActiveCfg = Debug|Any CPU
		{1EB1C9F3-5580-4691-A784-A5ADCA2FC864}.Debug|Any CPU.Build.0 = Debug|Any CPU
		{1EB1C9F3-5580-4691-A784-A5ADCA2FC864}.Release|Any CPU.ActiveCfg = Release|Any CPU
		{1EB1C9F3-5580-4691-A784-A5ADCA2FC864}.Release|Any CPU.Build.0 = Release|Any CPU
	EndGlobalSection
	GlobalSection(SolutionProperties) = preSolution
		HideSolutionNode = FALSE
	EndGlobalSection
EndGlobal
